
Microsoft Visual Studio Solution File, Format Version 12.00
# Visual Studio Version 17
VisualStudioVersion = 17.9.34728.123
MinimumVisualStudioVersion = 10.0.40219.1
Project("{FAE04EC0-301F-11D3-BF4B-00C04F79EFBC}") = "NotificationService.Web", "NotificationService.Web\NotificationService.Web.csproj", "{1C8EA069-CB4B-46B9-9A30-1FEBD7FAE988}"
EndProject
Global
	GlobalSection(SolutionConfigurationPlatforms) = preSolution
		Debug|Any CPU = Debug|Any CPU
		Release|Any CPU = Release|Any CPU
	EndGlobalSection
	GlobalSection(ProjectConfigurationPlatforms) = postSolution
		{1C8EA069-CB4B-46B9-9A30-1FEBD7FAE988}.Debug|Any CPU.ActiveCfg = Debug|Any CPU
		{1C8EA069-CB4B-46B9-9A30-1FEBD7FAE988}.Debug|Any CPU.Build.0 = Debug|Any CPU
		{1C8EA069-CB4B-46B9-9A30-1FEBD7FAE988}.Release|Any CPU.ActiveCfg = Release|Any CPU
		{1C8EA069-CB4B-46B9-9A30-1FEBD7FAE988}.Release|Any CPU.Build.0 = Release|Any CPU
	EndGlobalSection
	GlobalSection(SolutionProperties) = preSolution
		HideSolutionNode = FALSE
	EndGlobalSection
	GlobalSection(ExtensibilityGlobals) = postSolution
		SolutionGuid = {1DD1C4A4-5CF9-4A95-ACFC-F81F1BFF1915}
	EndGlobalSection
EndGlobal
